
Microsoft Visual Studio Solution File, Format Version 12.00
# Visual Studio Version 16
VisualStudioVersion = 16.0.30621.155
MinimumVisualStudioVersion = 10.0.40219.1
Project("{9A19103F-16F7-4668-BE54-9A1E7A4F7556}") = "eShopSolution", "eShopSolution\eShopSolution.csproj", "{C3C17BA6-5F35-430E-9B3A-035D3E7242BD}"
EndProject
Project("{2150E333-8FDC-42A3-9474-1A3956D46DE8}") = "Solution Items", "Solution Items", "{0886CEA8-AF0B-488B-8479-7C69112DE4D2}"
	ProjectSection(SolutionItems) = preProject
		README.md = README.md
	EndProjectSection
EndProject
Global
	GlobalSection(SolutionConfigurationPlatforms) = preSolution
		Debug|Any CPU = Debug|Any CPU
		Release|Any CPU = Release|Any CPU
	EndGlobalSection
	GlobalSection(ProjectConfigurationPlatforms) = postSolution
		{C3C17BA6-5F35-430E-9B3A-035D3E7242BD}.Debug|Any CPU.ActiveCfg = Debug|Any CPU
		{C3C17BA6-5F35-430E-9B3A-035D3E7242BD}.Debug|Any CPU.Build.0 = Debug|Any CPU
		{C3C17BA6-5F35-430E-9B3A-035D3E7242BD}.Release|Any CPU.ActiveCfg = Release|Any CPU
		{C3C17BA6-5F35-430E-9B3A-035D3E7242BD}.Release|Any CPU.Build.0 = Release|Any CPU
	EndGlobalSection
	GlobalSection(SolutionProperties) = preSolution
		HideSolutionNode = FALSE
	EndGlobalSection
	GlobalSection(ExtensibilityGlobals) = postSolution
		SolutionGuid = {868886E8-CD77-41D9-935A-A16856102139}
	EndGlobalSection
EndGlobal
